lockfileVersion: '9.0'

settings:
  autoInstallPeers: true
  excludeLinksFromLockfile: false

importers:

  .:
    devDependencies:
      '@soksak/plugin-api':
        specifier: git+https://github.com/soksak-app/core.git#22162a748982f5cbef22a7eff13a833790649142&path:/packages/plugin-api
        version: https://codeload.github.com/soksak-app/core/tar.gz/22162a748982f5cbef22a7eff13a833790649142#path:/packages/plugin-api

packages:

  '@soksak/plugin-api@https://codeload.github.com/soksak-app/core/tar.gz/22162a748982f5cbef22a7eff13a833790649142#path:/packages/plugin-api':
    resolution: {gitHosted: true, path: /packages/plugin-api, tarball: https://codeload.github.com/soksak-app/core/tar.gz/22162a748982f5cbef22a7eff13a833790649142}
    version: 0.0.3
    hasBin: true

snapshots:

  '@soksak/plugin-api@https://codeload.github.com/soksak-app/core/tar.gz/22162a748982f5cbef22a7eff13a833790649142#path:/packages/plugin-api': {}
